// !$*UTF8*$!
{
	archiveVersion = 1;
	classes = {
	};
	objectVersion = 55;
	objects = {

/* Begin PBXBuildFile section */
		A910841B2730E15B0056F4F9 /* TextFieldStyles.swift in Sources */ = {isa = PBXBuildFile; fileRef = A910841A2730E15B0056F4F9 /* TextFieldStyles.swift */; };
		A910841C2730E15B0056F4F9 /* TextFieldStyles.swift in Sources */ = {isa = PBXBuildFile; fileRef = A910841A2730E15B0056F4F9 /* TextFieldStyles.swift */; };
		A910841E2730E1830056F4F9 /* SpaceFormModel.swift in Sources */ = {isa = PBXBuildFile; fileRef = A910841D2730E1830056F4F9 /* SpaceFormModel.swift */; };
		A910841F2730E1830056F4F9 /* SpaceFormModel.swift in Sources */ = {isa = PBXBuildFile; fileRef = A910841D2730E1830056F4F9 /* SpaceFormModel.swift */; };
		A951AF822734658D00C39E17 /* Sliders in Frameworks */ = {isa = PBXBuildFile; productRef = A951AF812734658D00C39E17 /* Sliders */; };
		A9A8FFD1273024FD00221A4E /* FormsApp.swift in Sources */ = {isa = PBXBuildFile; fileRef = A9A8FFC1273024FB00221A4E /* FormsApp.swift */; };
		A9A8FFD2273024FD00221A4E /* FormsApp.swift in Sources */ = {isa = PBXBuildFile; fileRef = A9A8FFC1273024FB00221A4E /* FormsApp.swift */; };
		A9A8FFD3273024FD00221A4E /* ContentView.swift in Sources */ = {isa = PBXBuildFile; fileRef = A9A8FFC2273024FB00221A4E /* ContentView.swift */; };
		A9A8FFD4273024FD00221A4E /* ContentView.swift in Sources */ = {isa = PBXBuildFile; fileRef = A9A8FFC2273024FB00221A4E /* ContentView.swift */; };
		A9A8FFD5273024FD00221A4E /* Assets.xcassets in Resources */ = {isa = PBXBuildFile; fileRef = A9A8FFC3273024FD00221A4E /* Assets.xcassets */; };
		A9A8FFD6273024FD00221A4E /* Assets.xcassets in Resources */ = {isa = PBXBuildFile; fileRef = A9A8FFC3273024FD00221A4E /* Assets.xcassets */; };
		A9A8FFE02730258D00221A4E /* SpaceForm.swift in Sources */ = {isa = PBXBuildFile; fileRef = A9A8FFDF2730258D00221A4E /* SpaceForm.swift */; };
		A9A8FFE12730258D00221A4E /* SpaceForm.swift in Sources */ = {isa = PBXBuildFile; fileRef = A9A8FFDF2730258D00221A4E /* SpaceForm.swift */; };
		A9A8FFE32730318100221A4E /* Planet.swift in Sources */ = {isa = PBXBuildFile; fileRef = A9A8FFE22730318000221A4E /* Planet.swift */; };
		A9A8FFE42730318100221A4E /* Planet.swift in Sources */ = {isa = PBXBuildFile; fileRef = A9A8FFE22730318000221A4E /* Planet.swift */; };
		A9A8FFE6273032CA00221A4E /* Land.swift in Sources */ = {isa = PBXBuildFile; fileRef = A9A8FFE5273032CA00221A4E /* Land.swift */; };
		A9A8FFE7273032CA00221A4E /* Land.swift in Sources */ = {isa = PBXBuildFile; fileRef = A9A8FFE5273032CA00221A4E /* Land.swift */; };
		A9A8FFE92730620500221A4E /* PreviewDisparateDevices.swift in Sources */ = {isa = PBXBuildFile; fileRef = A9A8FFE82730620500221A4E /* PreviewDisparateDevices.swift */; };
		A9A8FFEA2730620500221A4E /* PreviewDisparateDevices.swift in Sources */ = {isa = PBXBuildFile; fileRef = A9A8FFE82730620500221A4E /* PreviewDisparateDevices.swift */; };
		A9C10451273433A20086AE8C /* Props in Frameworks */ = {isa = PBXBuildFile; productRef = A9C10450273433A20086AE8C /* Props */; };
/* End PBXBuildFile section */

/* Begin PBXFileReference section */
		A910841A2730E15B0056F4F9 /* TextFieldStyles.swift */ = {isa = PBXFileReference; lastKnownFileType = sourcecode.swift; path = TextFieldStyles.swift; sourceTree = "<group>"; };
		A910841D2730E1830056F4F9 /* SpaceFormModel.swift */ = {isa = PBXFileReference; lastKnownFileType = sourcecode.swift; path = SpaceFormModel.swift; sourceTree = "<group>"; };
		A9A8FFC1273024FB00221A4E /* FormsApp.swift */ = {isa = PBXFileReference; lastKnownFileType = sourcecode.swift; path = FormsApp.swift; sourceTree = "<group>"; };
		A9A8FFC2273024FB00221A4E /* ContentView.swift */ = {isa = PBXFileReference; lastKnownFileType = sourcecode.swift; path = ContentView.swift; sourceTree = "<group>"; };
		A9A8FFC3273024FD00221A4E /* Assets.xcassets */ = {isa = PBXFileReference; lastKnownFileType = folder.assetcatalog; path = Assets.xcassets; sourceTree = "<group>"; };
		A9A8FFC8273024FD00221A4E /* Forms.app */ = {isa = PBXFileReference; explicitFileType = wrapper.application; includeInIndex = 0; path = Forms.app; sourceTree = BUILT_PRODUCTS_DIR; };
		A9A8FFCE273024FD00221A4E /* Forms.app */ = {isa = PBXFileReference; explicitFileType = wrapper.application; includeInIndex = 0; path = Forms.app; sourceTree = BUILT_PRODUCTS_DIR; };
		A9A8FFD0273024FD00221A4E /* macOS.entitlements */ = {isa = PBXFileReference; lastKnownFileType = text.plist.entitlements; path = macOS.entitlements; sourceTree = "<group>"; };
		A9A8FFDF2730258D00221A4E /* SpaceForm.swift */ = {isa = PBXFileReference; lastKnownFileType = sourcecode.swift; path = SpaceForm.swift; sourceTree = "<group>"; };
		A9A8FFE22730318000221A4E /* Planet.swift */ = {isa = PBXFileReference; lastKnownFileType = sourcecode.swift; path = Planet.swift; sourceTree = "<group>"; };
		A9A8FFE5273032CA00221A4E /* Land.swift */ = {isa = PBXFileReference; lastKnownFileType = sourcecode.swift; path = Land.swift; sourceTree = "<group>"; };
		A9A8FFE82730620500221A4E /* PreviewDisparateDevices.swift */ = {isa = PBXFileReference; lastKnownFileType = sourcecode.swift; path = PreviewDisparateDevices.swift; sourceTree = "<group>"; };
		A9C1044E273433940086AE8C /* Props */ = {isa = PBXFileReference; lastKnownFileType = folder; name = Props; path = ../../Props; sourceTree = "<group>"; };
/* End PBXFileReference section */

/* Begin PBXFrameworksBuildPhase section */
		A9A8FFC5273024FD00221A4E /* Frameworks */ = {
			isa = PBXFrameworksBuildPhase;
			buildActionMask = 2147483647;
			files = (
				A9C10451273433A20086AE8C /* Props in Frameworks */,
				A951AF822734658D00C39E17 /* Sliders in Frameworks */,
			);
			runOnlyForDeploymentPostprocessing = 0;
		};
		A9A8FFCB273024FD00221A4E /* Frameworks */ = {
			isa = PBXFrameworksBuildPhase;
			buildActionMask = 2147483647;
			files = (
			);
			runOnlyForDeploymentPostprocessing = 0;
		};
/* End PBXFrameworksBuildPhase section */

/* Begin PBXGroup section */
		A9A8FFBB273024FB00221A4E = {
			isa = PBXGroup;
			children = (
				A9C1044E273433940086AE8C /* Props */,
				A9A8FFC0273024FB00221A4E /* Shared */,
				A9A8FFCF273024FD00221A4E /* macOS */,
				A9A8FFC9273024FD00221A4E /* Products */,
				A9C1044F273433A20086AE8C /* Frameworks */,
			);
			sourceTree = "<group>";
		};
		A9A8FFC0273024FB00221A4E /* Shared */ = {
			isa = PBXGroup;
			children = (
				A9A8FFC1273024FB00221A4E /* FormsApp.swift */,
				A9A8FFC2273024FB00221A4E /* ContentView.swift */,
				A9A8FFDF2730258D00221A4E /* SpaceForm.swift */,
				A910841D2730E1830056F4F9 /* SpaceFormModel.swift */,
				A9A8FFE22730318000221A4E /* Planet.swift */,
				A9A8FFE5273032CA00221A4E /* Land.swift */,
				A910841A2730E15B0056F4F9 /* TextFieldStyles.swift */,
				A9A8FFE82730620500221A4E /* PreviewDisparateDevices.swift */,
				A9A8FFC3273024FD00221A4E /* Assets.xcassets */,
			);
			path = Shared;
			sourceTree = "<group>";
		};
		A9A8FFC9273024FD00221A4E /* Products */ = {
			isa = PBXGroup;
			children = (
				A9A8FFC8273024FD00221A4E /* Forms.app */,
				A9A8FFCE273024FD00221A4E /* Forms.app */,
			);
			name = Products;
			sourceTree = "<group>";
		};
		A9A8FFCF273024FD00221A4E /* macOS */ = {
			isa = PBXGroup;
			children = (
				A9A8FFD0273024FD00221A4E /* macOS.entitlements */,
			);
			path = macOS;
			sourceTree = "<group>";
		};
		A9C1044F273433A20086AE8C /* Frameworks */ = {
			isa = PBXGroup;
			children = (
			);
			name = Frameworks;
			sourceTree = "<group>";
		};
/* End PBXGroup section */

/* Begin PBXNativeTarget section */
		A9A8FFC7273024FD00221A4E /* Forms (iOS) */ = {
			isa = PBXNativeTarget;
			buildConfigurationList = A9A8FFD9273024FD00221A4E /* Build configuration list for PBXNativeTarget "Forms (iOS)" */;
			buildPhases = (
				A9A8FFC4273024FD00221A4E /* Sources */,
				A9A8FFC5273024FD00221A4E /* Frameworks */,
				A9A8FFC6273024FD00221A4E /* Resources */,
			);
			buildRules = (
			);
			dependencies = (
			);
			name = "Forms (iOS)";
			packageProductDependencies = (
				A9C10450273433A20086AE8C /* Props */,
				A951AF812734658D00C39E17 /* Sliders */,
			);
			productName = "Forms (iOS)";
			productReference = A9A8FFC8273024FD00221A4E /* Forms.app */;
			productType = "com.apple.product-type.application";
		};
		A9A8FFCD273024FD00221A4E /* Forms (macOS) */ = {
			isa = PBXNativeTarget;
			buildConfigurationList = A9A8FFDC273024FD00221A4E /* Build configuration list for PBXNativeTarget "Forms (macOS)" */;
			buildPhases = (
				A9A8FFCA273024FD00221A4E /* Sources */,
				A9A8FFCB273024FD00221A4E /* Frameworks */,
				A9A8FFCC273024FD00221A4E /* Resources */,
			);
			buildRules = (
			);
			dependencies = (
			);
			name = "Forms (macOS)";
			productName = "Forms (macOS)";
			productReference = A9A8FFCE273024FD00221A4E /* Forms.app */;
			productType = "com.apple.product-type.application";
		};
/* End PBXNativeTarget section */

/* Begin PBXProject section */
		A9A8FFBC273024FB00221A4E /* Project object */ = {
			isa = PBXProject;
			attributes = {
				BuildIndependentTargetsInParallel = 1;
				LastSwiftUpdateCheck = 1310;
				LastUpgradeCheck = 1310;
				TargetAttributes = {
					A9A8FFC7273024FD00221A4E = {
						CreatedOnToolsVersion = 13.1;
					};
					A9A8FFCD273024FD00221A4E = {
						CreatedOnToolsVersion = 13.1;
					};
				};
			};
			buildConfigurationList = A9A8FFBF273024FB00221A4E /* Build configuration list for PBXProject "Forms" */;
			compatibilityVersion = "Xcode 13.0";
			developmentRegion = en;
			hasScannedForEncodings = 0;
			knownRegions = (
				en,
				Base,
			);
			mainGroup = A9A8FFBB273024FB00221A4E;
			packageReferences = (
				A951AF802734658D00C39E17 /* XCRemoteSwiftPackageReference "swiftui-sliders" */,
			);
			productRefGroup = A9A8FFC9273024FD00221A4E /* Products */;
			projectDirPath = "";
			projectRoot = "";
			targets = (
				A9A8FFC7273024FD00221A4E /* Forms (iOS) */,
				A9A8FFCD273024FD00221A4E /* Forms (macOS) */,
			);
		};
/* End PBXProject section */

/* Begin PBXResourcesBuildPhase section */
		A9A8FFC6273024FD00221A4E /* Resources */ = {
			isa = PBXResourcesBuildPhase;
			buildActionMask = 2147483647;
			files = (
				A9A8FFD5273024FD00221A4E /* Assets.xcassets in Resources */,
			);
			runOnlyForDeploymentPostprocessing = 0;
		};
		A9A8FFCC273024FD00221A4E /* Resources */ = {
			isa = PBXResourcesBuildPhase;
			buildActionMask = 2147483647;
			files = (
				A9A8FFD6273024FD00221A4E /* Assets.xcassets in Resources */,
			);
			runOnlyForDeploymentPostprocessing = 0;
		};
/* End PBXResourcesBuildPhase section */

/* Begin PBXSourcesBuildPhase section */
		A9A8FFC4273024FD00221A4E /* Sources */ = {
			isa = PBXSourcesBuildPhase;
			buildActionMask = 2147483647;
			files = (
				A910841E2730E1830056F4F9 /* SpaceFormModel.swift in Sources */,
				A910841B2730E15B0056F4F9 /* TextFieldStyles.swift in Sources */,
				A9A8FFE92730620500221A4E /* PreviewDisparateDevices.swift in Sources */,
				A9A8FFE6273032CA00221A4E /* Land.swift in Sources */,
				A9A8FFE02730258D00221A4E /* SpaceForm.swift in Sources */,
				A9A8FFD3273024FD00221A4E /* ContentView.swift in Sources */,
				A9A8FFD1273024FD00221A4E /* FormsApp.swift in Sources */,
				A9A8FFE32730318100221A4E /* Planet.swift in Sources */,
			);
			runOnlyForDeploymentPostprocessing = 0;
		};
		A9A8FFCA273024FD00221A4E /* Sources */ = {
			isa = PBXSourcesBuildPhase;
			buildActionMask = 2147483647;
			files = (
				A910841F2730E1830056F4F9 /* SpaceFormModel.swift in Sources */,
				A910841C2730E15B0056F4F9 /* TextFieldStyles.swift in Sources */,
				A9A8FFEA2730620500221A4E /* PreviewDisparateDevices.swift in Sources */,
				A9A8FFE7273032CA00221A4E /* Land.swift in Sources */,
				A9A8FFE12730258D00221A4E /* SpaceForm.swift in Sources */,
				A9A8FFD4273024FD00221A4E /* ContentView.swift in Sources */,
				A9A8FFD2273024FD00221A4E /* FormsApp.swift in Sources */,
				A9A8FFE42730318100221A4E /* Planet.swift in Sources */,
			);
			runOnlyForDeploymentPostprocessing = 0;
		};
/* End PBXSourcesBuildPhase section */

/* Begin XCBuildConfiguration section */
		A9A8FFD7273024FD00221A4E /* Debug */ = {
			isa = XCBuildConfiguration;
			buildSettings = {
				ALWAYS_SEARCH_USER_PATHS = NO;
				CLANG_ANALYZER_NONNULL = YES;
				CLANG_ANALYZER_NUMBER_OBJECT_CONVERSION = YES_AGGRESSIVE;
				CLANG_CXX_LANGUAGE_STANDARD = "gnu++17";
				CLANG_CXX_LIBRARY = "libc++";
				CLANG_ENABLE_MODULES = YES;
				CLANG_ENABLE_OBJC_ARC = YES;
				CLANG_ENABLE_OBJC_WEAK = YES;
				CLANG_WARN_BLOCK_CAPTURE_AUTORELEASING = YES;
				CLANG_WARN_BOOL_CONVERSION = YES;
				CLANG_WARN_COMMA = YES;
				CLANG_WARN_CONSTANT_CONVERSION = YES;
				CLANG_WARN_DEPRECATED_OBJC_IMPLEMENTATIONS = YES;
				CLANG_WARN_DIRECT_OBJC_ISA_USAGE = YES_ERROR;
				CLANG_WARN_DOCUMENTATION_COMMENTS = YES;
				CLANG_WARN_EMPTY_BODY = YES;
				CLANG_WARN_ENUM_CONVERSION = YES;
				CLANG_WARN_INFINITE_RECURSION = YES;
				CLANG_WARN_INT_CONVERSION = YES;
				CLANG_WARN_NON_LITERAL_NULL_CONVERSION = YES;
				CLANG_WARN_OBJC_IMPLICIT_RETAIN_SELF = YES;
				CLANG_WARN_OBJC_LITERAL_CONVERSION = YES;
				CLANG_WARN_OBJC_ROOT_CLASS = YES_ERROR;
				CLANG_WARN_QUOTED_INCLUDE_IN_FRAMEWORK_HEADER = YES;
				CLANG_WARN_RANGE_LOOP_ANALYSIS = YES;
				CLANG_WARN_STRICT_PROTOTYPES = YES;
				CLANG_WARN_SUSPICIOUS_MOVE = YES;
				CLANG_WARN_UNGUARDED_AVAILABILITY = YES_AGGRESSIVE;
				CLANG_WARN_UNREACHABLE_CODE = YES;
				CLANG_WARN__DUPLICATE_METHOD_MATCH = YES;
				COPY_PHASE_STRIP = NO;
				DEBUG_INFORMATION_FORMAT = dwarf;
				ENABLE_STRICT_OBJC_MSGSEND = YES;
				ENABLE_TESTABILITY = YES;
				GCC_C_LANGUAGE_STANDARD = gnu11;
				GCC_DYNAMIC_NO_PIC = NO;
				GCC_NO_COMMON_BLOCKS = YES;
				GCC_OPTIMIZATION_LEVEL = 0;
				GCC_PREPROCESSOR_DEFINITIONS = (
					"DEBUG=1",
					"$(inherited)",
				);
				GCC_WARN_64_TO_32_BIT_CONVERSION = YES;
				GCC_WARN_ABOUT_RETURN_TYPE = YES_ERROR;
				GCC_WARN_UNDECLARED_SELECTOR = YES;
				GCC_WARN_UNINITIALIZED_AUTOS = YES_AGGRESSIVE;
				GCC_WARN_UNUSED_FUNCTION = YES;
				GCC_WARN_UNUSED_VARIABLE = YES;
				MTL_ENABLE_DEBUG_INFO = INCLUDE_SOURCE;
				MTL_FAST_MATH = YES;
				ONLY_ACTIVE_ARCH = YES;
				SWIFT_ACTIVE_COMPILATION_CONDITIONS = DEBUG;
				SWIFT_OPTIMIZATION_LEVEL = "-Onone";
			};
			name = Debug;
		};
		A9A8FFD8273024FD00221A4E /* Release */ = {
			isa = XCBuildConfiguration;
			buildSettings = {
				ALWAYS_SEARCH_USER_PATHS = NO;
				CLANG_ANALYZER_NONNULL = YES;
				CLANG_ANALYZER_NUMBER_OBJECT_CONVERSION = YES_AGGRESSIVE;
				CLANG_CXX_LANGUAGE_STANDARD = "gnu++17";
				CLANG_CXX_LIBRARY = "libc++";
				CLANG_ENABLE_MODULES = YES;
				CLANG_ENABLE_OBJC_ARC = YES;
				CLANG_ENABLE_OBJC_WEAK = YES;
				CLANG_WARN_BLOCK_CAPTURE_AUTORELEASING = YES;
				CLANG_WARN_BOOL_CONVERSION = YES;
				CLANG_WARN_COMMA = YES;
				CLANG_WARN_CONSTANT_CONVERSION = YES;
				CLANG_WARN_DEPRECATED_OBJC_IMPLEMENTATIONS = YES;
				CLANG_WARN_DIRECT_OBJC_ISA_USAGE = YES_ERROR;
				CLANG_WARN_DOCUMENTATION_COMMENTS = YES;
				CLANG_WARN_EMPTY_BODY = YES;
				CLANG_WARN_ENUM_CONVERSION = YES;
				CLANG_WARN_INFINITE_RECURSION = YES;
				CLANG_WARN_INT_CONVERSION = YES;
				CLANG_WARN_NON_LITERAL_NULL_CONVERSION = YES;
				CLANG_WARN_OBJC_IMPLICIT_RETAIN_SELF = YES;
				CLANG_WARN_OBJC_LITERAL_CONVERSION = YES;
				CLANG_WARN_OBJC_ROOT_CLASS = YES_ERROR;
				CLANG_WARN_QUOTED_INCLUDE_IN_FRAMEWORK_HEADER = YES;
				CLANG_WARN_RANGE_LOOP_ANALYSIS = YES;
				CLANG_WARN_STRICT_PROTOTYPES = YES;
				CLANG_WARN_SUSPICIOUS_MOVE = YES;
				CLANG_WARN_UNGUARDED_AVAILABILITY = YES_AGGRESSIVE;
				CLANG_WARN_UNREACHABLE_CODE = YES;
				CLANG_WARN__DUPLICATE_METHOD_MATCH = YES;
				COPY_PHASE_STRIP = NO;
				DEBUG_INFORMATION_FORMAT = "dwarf-with-dsym";
				ENABLE_NS_ASSERTIONS = NO;
				ENABLE_STRICT_OBJC_MSGSEND = YES;
				GCC_C_LANGUAGE_STANDARD = gnu11;
				GCC_NO_COMMON_BLOCKS = YES;
				GCC_WARN_64_TO_32_BIT_CONVERSION = YES;
				GCC_WARN_ABOUT_RETURN_TYPE = YES_ERROR;
				GCC_WARN_UNDECLARED_SELECTOR = YES;
				GCC_WARN_UNINITIALIZED_AUTOS = YES_AGGRESSIVE;
				GCC_WARN_UNUSED_FUNCTION = YES;
				GCC_WARN_UNUSED_VARIABLE = YES;
				MTL_ENABLE_DEBUG_INFO = NO;
				MTL_FAST_MATH = YES;
				SWIFT_COMPILATION_MODE = wholemodule;
				SWIFT_OPTIMIZATION_LEVEL = "-O";
			};
			name = Release;
		};
		A9A8FFDA273024FD00221A4E /* Debug */ = {
			isa = XCBuildConfiguration;
			buildSettings = {
				ASSETCATALOG_COMPILER_APPICON_NAME = AppIcon;
				ASSETCATALOG_COMPILER_GLOBAL_ACCENT_COLOR_NAME = AccentColor;
				CODE_SIGN_STYLE = Automatic;
				CURRENT_PROJECT_VERSION = 1;
				DEVELOPMENT_TEAM = 4WR66L3TZA;
				ENABLE_PREVIEWS = YES;
				GENERATE_INFOPLIST_FILE = YES;
				INFOPLIST_KEY_UIApplicationSceneManifest_Generation = YES;
				INFOPLIST_KEY_UIApplicationSupportsIndirectInputEvents = YES;
				INFOPLIST_KEY_UILaunchScreen_Generation = YES;
				INFOPLIST_KEY_UISupportedInterfaceOrientations_iPad = "UIInterfaceOrientationPortrait UIInterfaceOrientationPortraitUpsideDown UIInterfaceOrientationLandscapeLeft UIInterfaceOrientationLandscapeRight";
				INFOPLIST_KEY_UISupportedInterfaceOrientations_iPhone = "UIInterfaceOrientationPortrait UIInterfaceOrientationLandscapeLeft UIInterfaceOrientationLandscapeRight";
				IPHONEOS_DEPLOYMENT_TARGET = 15.0;
				LD_RUNPATH_SEARCH_PATHS = (
					"$(inherited)",
					"@executable_path/Frameworks",
				);
				MARKETING_VERSION = 1.0;
				PRODUCT_BUNDLE_IDENTIFIER = com.smallplanet.Forms;
				PRODUCT_NAME = Forms;
				SDKROOT = iphoneos;
				SWIFT_EMIT_LOC_STRINGS = YES;
				SWIFT_VERSION = 5.0;
				TARGETED_DEVICE_FAMILY = "1,2";
			};
			name = Debug;
		};
		A9A8FFDB273024FD00221A4E /* Release */ = {
			isa = XCBuildConfiguration;
			buildSettings = {
				ASSETCATALOG_COMPILER_APPICON_NAME = AppIcon;
				ASSETCATALOG_COMPILER_GLOBAL_ACCENT_COLOR_NAME = AccentColor;
				CODE_SIGN_STYLE = Automatic;
				CURRENT_PROJECT_VERSION = 1;
				DEVELOPMENT_TEAM = 4WR66L3TZA;
				ENABLE_PREVIEWS = YES;
				GENERATE_INFOPLIST_FILE = YES;
				INFOPLIST_KEY_UIApplicationSceneManifest_Generation = YES;
				INFOPLIST_KEY_UIApplicationSupportsIndirectInputEvents = YES;
				INFOPLIST_KEY_UILaunchScreen_Generation = YES;
				INFOPLIST_KEY_UISupportedInterfaceOrientations_iPad = "UIInterfaceOrientationPortrait UIInterfaceOrientationPortraitUpsideDown UIInterfaceOrientationLandscapeLeft UIInterfaceOrientationLandscapeRight";
				INFOPLIST_KEY_UISupportedInterfaceOrientations_iPhone = "UIInterfaceOrientationPortrait UIInterfaceOrientationLandscapeLeft UIInterfaceOrientationLandscapeRight";
				IPHONEOS_DEPLOYMENT_TARGET = 15.0;
				LD_RUNPATH_SEARCH_PATHS = (
					"$(inherited)",
					"@executable_path/Frameworks",
				);
				MARKETING_VERSION = 1.0;
				PRODUCT_BUNDLE_IDENTIFIER = com.smallplanet.Forms;
				PRODUCT_NAME = Forms;
				SDKROOT = iphoneos;
				SWIFT_EMIT_LOC_STRINGS = YES;
				SWIFT_VERSION = 5.0;
				TARGETED_DEVICE_FAMILY = "1,2";
				VALIDATE_PRODUCT = YES;
			};
			name = Release;
		};
		A9A8FFDD273024FD00221A4E /* Debug */ = {
			isa = XCBuildConfiguration;
			buildSettings = {
				ASSETCATALOG_COMPILER_APPICON_NAME = AppIcon;
				ASSETCATALOG_COMPILER_GLOBAL_ACCENT_COLOR_NAME = AccentColor;
				CODE_SIGN_ENTITLEMENTS = macOS/macOS.entitlements;
				CODE_SIGN_STYLE = Automatic;
				COMBINE_HIDPI_IMAGES = YES;
				CURRENT_PROJECT_VERSION = 1;
				DEVELOPMENT_TEAM = 4WR66L3TZA;
				ENABLE_HARDENED_RUNTIME = YES;
				ENABLE_PREVIEWS = YES;
				GENERATE_INFOPLIST_FILE = YES;
				INFOPLIST_KEY_NSHumanReadableCopyright = "";
				LD_RUNPATH_SEARCH_PATHS = (
					"$(inherited)",
					"@executable_path/../Frameworks",
				);
				MACOSX_DEPLOYMENT_TARGET = 12.0;
				MARKETING_VERSION = 1.0;
				PRODUCT_BUNDLE_IDENTIFIER = com.smallplanet.Forms;
				PRODUCT_NAME = Forms;
				SDKROOT = macosx;
				SWIFT_EMIT_LOC_STRINGS = YES;
				SWIFT_VERSION = 5.0;
			};
			name = Debug;
		};
		A9A8FFDE273024FD00221A4E /* Release */ = {
			isa = XCBuildConfiguration;
			buildSettings = {
				ASSETCATALOG_COMPILER_APPICON_NAME = AppIcon;
				ASSETCATALOG_COMPILER_GLOBAL_ACCENT_COLOR_NAME = AccentColor;
				CODE_SIGN_ENTITLEMENTS = macOS/macOS.entitlements;
				CODE_SIGN_STYLE = Automatic;
				COMBINE_HIDPI_IMAGES = YES;
				CURRENT_PROJECT_VERSION = 1;
				DEVELOPMENT_TEAM = 4WR66L3TZA;
				ENABLE_HARDENED_RUNTIME = YES;
				ENABLE_PREVIEWS = YES;
				GENERATE_INFOPLIST_FILE = YES;
				INFOPLIST_KEY_NSHumanReadableCopyright = "";
				LD_RUNPATH_SEARCH_PATHS = (
					"$(inherited)",
					"@executable_path/../Frameworks",
				);
				MACOSX_DEPLOYMENT_TARGET = 12.0;
				MARKETING_VERSION = 1.0;
				PRODUCT_BUNDLE_IDENTIFIER = com.smallplanet.Forms;
				PRODUCT_NAME = Forms;
				SDKROOT = macosx;
				SWIFT_EMIT_LOC_STRINGS = YES;
				SWIFT_VERSION = 5.0;
			};
			name = Release;
		};
/* End XCBuildConfiguration section */

/* Begin XCConfigurationList section */
		A9A8FFBF273024FB00221A4E /* Build configuration list for PBXProject "Forms" */ = {
			isa = XCConfigurationList;
			buildConfigurations = (
				A9A8FFD7273024FD00221A4E /* Debug */,
				A9A8FFD8273024FD00221A4E /* Release */,
			);
			defaultConfigurationIsVisible = 0;
			defaultConfigurationName = Release;
		};
		A9A8FFD9273024FD00221A4E /* Build configuration list for PBXNativeTarget "Forms (iOS)" */ = {
			isa = XCConfigurationList;
			buildConfigurations = (
				A9A8FFDA273024FD00221A4E /* Debug */,
				A9A8FFDB273024FD00221A4E /* Release */,
			);
			defaultConfigurationIsVisible = 0;
			defaultConfigurationName = Release;
		};
		A9A8FFDC273024FD00221A4E /* Build configuration list for PBXNativeTarget "Forms (macOS)" */ = {
			isa = XCConfigurationList;
			buildConfigurations = (
				A9A8FFDD273024FD00221A4E /* Debug */,
				A9A8FFDE273024FD00221A4E /* Release */,
			);
			defaultConfigurationIsVisible = 0;
			defaultConfigurationName = Release;
		};
/* End XCConfigurationList section */

/* Begin XCRemoteSwiftPackageReference section */
		A951AF802734658D00C39E17 /* XCRemoteSwiftPackageReference "swiftui-sliders" */ = {
			isa = XCRemoteSwiftPackageReference;
			repositoryURL = "https://github.com/spacenation/swiftui-sliders";
			requirement = {
				kind = upToNextMajorVersion;
				minimumVersion = 1.0.0;
			};
		};
/* End XCRemoteSwiftPackageReference section */

/* Begin XCSwiftPackageProductDependency section */
		A951AF812734658D00C39E17 /* Sliders */ = {
			isa = XCSwiftPackageProductDependency;
			package = A951AF802734658D00C39E17 /* XCRemoteSwiftPackageReference "swiftui-sliders" */;
			productName = Sliders;
		};
		A9C10450273433A20086AE8C /* Props */ = {
			isa = XCSwiftPackageProductDependency;
			productName = Props;
		};
/* End XCSwiftPackageProductDependency section */
	};
	rootObject = A9A8FFBC273024FB00221A4E /* Project object */;
}
